
Microsoft Visual Studio Solution File, Format Version 12.00
# Visual Studio 15
VisualStudioVersion = 15.0.26730.12
MinimumVisualStudioVersion = 10.0.40219.1
Project("{9A19103F-16F7-4668-BE54-9A1E7A4F7556}") = "QuickstartIdentityServer", "QuickstartIdentityServer\QuickstartIdentityServer.csproj", "{007C7DEE-BC8F-4621-BA59-B5B9D1C1A7C7}"
EndProject
Project("{9A19103F-16F7-4668-BE54-9A1E7A4F7556}") = "ResourceOwnerClient", "Client\ResourceOwnerClient.csproj", "{2899E38C-1DB8-4B06-8DC9-4293F59A36AA}"
EndProject
Project("{9A19103F-16F7-4668-BE54-9A1E7A4F7556}") = "Api", "Api\Api.csproj", "{D5DAD4AB-002C-4A59-AF5B-D38F732D345E}"
EndProject
Global
	GlobalSection(SolutionConfigurationPlatforms) = preSolution
		Debug|Any CPU = Debug|Any CPU
		Release|Any CPU = Release|Any CPU
	EndGlobalSection
	GlobalSection(ProjectConfigurationPlatforms) = postSolution
		{007C7DEE-BC8F-4621-BA59-B5B9D1C1A7C7}.Debug|Any CPU.ActiveCfg = Debug|Any CPU
		{007C7DEE-BC8F-4621-BA59-B5B9D1C1A7C7}.Debug|Any CPU.Build.0 = Debug|Any CPU
		{007C7DEE-BC8F-4621-BA59-B5B9D1C1A7C7}.Release|Any CPU.ActiveCfg = Release|Any CPU
		{007C7DEE-BC8F-4621-BA59-B5B9D1C1A7C7}.Release|Any CPU.Build.0 = Release|Any CPU
		{2899E38C-1DB8-4B06-8DC9-4293F59A36AA}.Debug|Any CPU.ActiveCfg = Debug|Any CPU
		{2899E38C-1DB8-4B06-8DC9-4293F59A36AA}.Debug|Any CPU.Build.0 = Debug|Any CPU
		{2899E38C-1DB8-4B06-8DC9-4293F59A36AA}.Release|Any CPU.ActiveCfg = Release|Any CPU
		{2899E38C-1DB8-4B06-8DC9-4293F59A36AA}.Release|Any CPU.Build.0 = Release|Any CPU
		{D5DAD4AB-002C-4A59-AF5B-D38F732D345E}.Debug|Any CPU.ActiveCfg = Debug|Any CPU
		{D5DAD4AB-002C-4A59-AF5B-D38F732D345E}.Debug|Any CPU.Build.0 = Debug|Any CPU
		{D5DAD4AB-002C-4A59-AF5B-D38F732D345E}.Release|Any CPU.ActiveCfg = Release|Any CPU
		{D5DAD4AB-002C-4A59-AF5B-D38F732D345E}.Release|Any CPU.Build.0 = Release|Any CPU
	EndGlobalSection
	GlobalSection(SolutionProperties) = preSolution
		HideSolutionNode = FALSE
	EndGlobalSection
	GlobalSection(ExtensibilityGlobals) = postSolution
		SolutionGuid = {823F255C-B0CE-45B8-8FD5-007334922685}
	EndGlobalSection
EndGlobal
