
Microsoft Visual Studio Solution File, Format Version 12.00
# Visual Studio 15
VisualStudioVersion = 15.0.26228.9
MinimumVisualStudioVersion = 10.0.40219.1
Project("{2150E333-8FDC-42A3-9474-1A3956D46DE8}") = "src", "src", "{2408EC7B-2E06-46A5-B6AC-D4E985E30CBB}"
EndProject
Project("{2150E333-8FDC-42A3-9474-1A3956D46DE8}") = "Solution Items", "Solution Items", "{DFF21B2A-7F52-448D-8867-D1C4EEAF73A7}"
EndProject
Project("{2150E333-8FDC-42A3-9474-1A3956D46DE8}") = "Clients", "Clients", "{BABF1C97-CB5C-4AC5-81C6-6A81B0D45E27}"
EndProject
Project("{9A19103F-16F7-4668-BE54-9A1E7A4F7556}") = "QuickstartIdentityServer", "src\QuickstartIdentityServer\QuickstartIdentityServer.csproj", "{74894537-E514-4087-B6E1-B9D77A2ED34C}"
EndProject
Project("{9A19103F-16F7-4668-BE54-9A1E7A4F7556}") = "Api", "src\Api\Api.csproj", "{7059F655-BBD7-4CA3-9A76-2FF198996DA8}"
EndProject
Project("{9A19103F-16F7-4668-BE54-9A1E7A4F7556}") = "Client", "src\Client\Client.csproj", "{B707F1AF-DD46-45D6-B4C5-BC2E9A3FB9B7}"
EndProject
Project("{9A19103F-16F7-4668-BE54-9A1E7A4F7556}") = "ResourceOwnerClient", "src\ResourceOwnerClient\ResourceOwnerClient.csproj", "{40674C67-6A97-4B85-8154-92AEC74A37A0}"
EndProject
Global
	GlobalSection(SolutionConfigurationPlatforms) = preSolution
		Debug|Any CPU = Debug|Any CPU
		Release|Any CPU = Release|Any CPU
	EndGlobalSection
	GlobalSection(ProjectConfigurationPlatforms) = postSolution
		{74894537-E514-4087-B6E1-B9D77A2ED34C}.Debug|Any CPU.ActiveCfg = Debug|Any CPU
		{74894537-E514-4087-B6E1-B9D77A2ED34C}.Debug|Any CPU.Build.0 = Debug|Any CPU
		{74894537-E514-4087-B6E1-B9D77A2ED34C}.Release|Any CPU.ActiveCfg = Release|Any CPU
		{74894537-E514-4087-B6E1-B9D77A2ED34C}.Release|Any CPU.Build.0 = Release|Any CPU
		{7059F655-BBD7-4CA3-9A76-2FF198996DA8}.Debug|Any CPU.ActiveCfg = Debug|Any CPU
		{7059F655-BBD7-4CA3-9A76-2FF198996DA8}.Debug|Any CPU.Build.0 = Debug|Any CPU
		{7059F655-BBD7-4CA3-9A76-2FF198996DA8}.Release|Any CPU.ActiveCfg = Release|Any CPU
		{7059F655-BBD7-4CA3-9A76-2FF198996DA8}.Release|Any CPU.Build.0 = Release|Any CPU
		{B707F1AF-DD46-45D6-B4C5-BC2E9A3FB9B7}.Debug|Any CPU.ActiveCfg = Debug|Any CPU
		{B707F1AF-DD46-45D6-B4C5-BC2E9A3FB9B7}.Debug|Any CPU.Build.0 = Debug|Any CPU
		{B707F1AF-DD46-45D6-B4C5-BC2E9A3FB9B7}.Release|Any CPU.ActiveCfg = Release|Any CPU
		{B707F1AF-DD46-45D6-B4C5-BC2E9A3FB9B7}.Release|Any CPU.Build.0 = Release|Any CPU
		{40674C67-6A97-4B85-8154-92AEC74A37A0}.Debug|Any CPU.ActiveCfg = Debug|Any CPU
		{40674C67-6A97-4B85-8154-92AEC74A37A0}.Debug|Any CPU.Build.0 = Debug|Any CPU
		{40674C67-6A97-4B85-8154-92AEC74A37A0}.Release|Any CPU.ActiveCfg = Release|Any CPU
		{40674C67-6A97-4B85-8154-92AEC74A37A0}.Release|Any CPU.Build.0 = Release|Any CPU
	EndGlobalSection
	GlobalSection(SolutionProperties) = preSolution
		HideSolutionNode = FALSE
	EndGlobalSection
	GlobalSection(NestedProjects) = preSolution
		{BABF1C97-CB5C-4AC5-81C6-6A81B0D45E27} = {2408EC7B-2E06-46A5-B6AC-D4E985E30CBB}
		{74894537-E514-4087-B6E1-B9D77A2ED34C} = {2408EC7B-2E06-46A5-B6AC-D4E985E30CBB}
		{7059F655-BBD7-4CA3-9A76-2FF198996DA8} = {2408EC7B-2E06-46A5-B6AC-D4E985E30CBB}
		{B707F1AF-DD46-45D6-B4C5-BC2E9A3FB9B7} = {BABF1C97-CB5C-4AC5-81C6-6A81B0D45E27}
		{40674C67-6A97-4B85-8154-92AEC74A37A0} = {BABF1C97-CB5C-4AC5-81C6-6A81B0D45E27}
	EndGlobalSection
EndGlobal
